{
  "name": "calculator",
  "lockfileVersion": 2,
  "requires": true,
  "packages": {
    "": {
      "dependencies": {
        "default-styles": "github:jurgengjoncari/default-styles#css"
      }
    },
    "node_modules/default-styles": {
      "version": "1.0.0",
      "resolved": "git+ssh://git@github.com/jurgengjoncari/default-styles.git#d3dc61d1ef919dec8c34796bc10ec04708fb0aad",
      "license": "ISC"
    }
  },
  "dependencies": {
    "default-styles": {
      "version": "git+ssh://git@github.com/jurgengjoncari/default-styles.git#d3dc61d1ef919dec8c34796bc10ec04708fb0aad",
      "from": "default-styles@jurgengjoncari/default-styles#css"
    }
  }
}
